
Microsoft Visual Studio Solution File, Format Version 12.00
# Visual Studio Version 17
VisualStudioVersion = 17.6.33829.357
MinimumVisualStudioVersion = 10.0.40219.1
Project("{FAE04EC0-301F-11D3-BF4B-00C04F79EFBC}") = "CityPopulationAPI", "CityPopulationAPI\CityPopulationAPI.csproj", "{09818213-DEF4-4F6A-AE0A-09FDF0FB49D6}"
EndProject
Global
	GlobalSection(SolutionConfigurationPlatforms) = preSolution
		Debug|Any CPU = Debug|Any CPU
		Release|Any CPU = Release|Any CPU
	EndGlobalSection
	GlobalSection(ProjectConfigurationPlatforms) = postSolution
		{09818213-DEF4-4F6A-AE0A-09FDF0FB49D6}.Debug|Any CPU.ActiveCfg = Debug|Any CPU
		{09818213-DEF4-4F6A-AE0A-09FDF0FB49D6}.Debug|Any CPU.Build.0 = Debug|Any CPU
		{09818213-DEF4-4F6A-AE0A-09FDF0FB49D6}.Release|Any CPU.ActiveCfg = Release|Any CPU
		{09818213-DEF4-4F6A-AE0A-09FDF0FB49D6}.Release|Any CPU.Build.0 = Release|Any CPU
	EndGlobalSection
	GlobalSection(SolutionProperties) = preSolution
		HideSolutionNode = FALSE
	EndGlobalSection
	GlobalSection(ExtensibilityGlobals) = postSolution
		SolutionGuid = {EE4B7E32-3342-4123-9D7A-670D7EDC9E32}
	EndGlobalSection
EndGlobal
